# This file is autogenerated, do not edit; changes may be undone by the next 'dep ensure'.


[[projects]]
  digest = "1:7aaf9073f9fe5c006ed667e013f588b018e829650aa280b168cf26d7f31caa9a"
  name = "cloud.google.com/go"
  packages = [
    ".",
    "compute/metadata",
    "firestore",
    "firestore/apiv1",
    "iam",
    "internal",
    "internal/btree",
    "internal/fields",
    "internal/optional",
    "internal/trace",
    "internal/version",
    "storage",
  ]
  pruneopts = "UT"
  revision = "69e77e66e59741e053c986d469791a983ee1d6a5"
  version = "v0.56.0"

[[projects]]
  digest = "1:49fcde2bebef0780f75233f05cf37d8d06c2b158ccf4011029b79893ee2ef30e"
  name = "firebase.google.com/go"
  packages = [
    ".",
    "auth",
    "db",
    "iid",
    "internal",
    "messaging",
    "storage",
  ]
  pruneopts = "UT"
  revision = "4343fa831fed5b1bfeaa0d9824db99c78a5e261d"
  version = "v3.12.1"

[[projects]]
  digest = "1:9f3b30d9f8e0d7040f729b82dcbc8f0dead820a133b3147ce355fc451f32d761"
  name = "github.com/BurntSushi/toml"
  packages = ["."]
  pruneopts = "UT"
  revision = "3012a1dbe2e4bd1391d42b32f0577cb7bbc7f005"
  version = "v0.3.1"

[[projects]]
  digest = "1:76dc72490af7174349349838f2fe118996381b31ea83243812a97e5a0fd5ed55"
  name = "github.com/dgrijalva/jwt-go"
  packages = ["."]
  pruneopts = "UT"
  revision = "06ea1031745cb8b3dab3f6a236daf2b0aa468b7e"
  version = "v3.2.0"

[[projects]]
  digest = "1:abeb38ade3f32a92943e5be54f55ed6d6e3b6602761d74b4aab4c9dd45c18abd"
  name = "github.com/fsnotify/fsnotify"
  packages = ["."]
  pruneopts = "UT"
  revision = "c2828203cd70a50dcccfb2761f8b1f8ceef9a8e9"
  version = "v1.4.7"

[[projects]]
  digest = "1:e17320223c7c866dfbec405efe8abc8e383ccad131fb76ca7ff70580dafb9067"
  name = "github.com/go-redis/redis"
  packages = [
    ".",
    "internal",
    "internal/consistenthash",
    "internal/hashtag",
    "internal/pool",
    "internal/proto",
    "internal/util",
  ]
  pruneopts = "UT"
  revision = "99cd690a7019656b0b67c6664453f27a6d8a658e"
  version = "v6.15.7"

[[projects]]
  digest = "1:a3af33fd30536d9c5a7b6ad542390919e57c1125097a194c7b3d9904109a0611"
  name = "github.com/go-sql-driver/mysql"
  packages = ["."]
  pruneopts = "UT"
  revision = "17ef3dd9d98b69acec3e85878995ada9533a9370"
  version = "v1.5.0"

[[projects]]
  branch = "master"
  digest = "1:b7cb6054d3dff43b38ad2e92492f220f57ae6087ee797dca298139776749ace8"
  name = "github.com/golang/groupcache"
  packages = ["lru"]
  pruneopts = "UT"
  revision = "8c9f03a8e57eb486e42badaed3fb287da51807ba"

[[projects]]
  digest = "1:b352472c38bad645c2327304c4af0e36ce17dfbc7760d41636c309f54e6e202a"
  name = "github.com/golang/protobuf"
  packages = [
    "internal/gengogrpc",
    "proto",
    "protoc-gen-go",
    "protoc-gen-go/descriptor",
    "ptypes",
    "ptypes/any",
    "ptypes/duration",
    "ptypes/empty",
    "ptypes/struct",
    "ptypes/timestamp",
    "ptypes/wrappers",
  ]
  pruneopts = "UT"
  revision = "6c66de79d66478d166c7ea05f5d2ccaf016fbd6b"
  version = "v1.4.1"

[[projects]]
  digest = "1:0aeda02073125667ac6c9df50c7921cb22c08a4accdc54589c697a7e76be65c2"
  name = "github.com/google/go-cmp"
  packages = [
    "cmp",
    "cmp/internal/diff",
    "cmp/internal/flags",
    "cmp/internal/function",
    "cmp/internal/value",
  ]
  pruneopts = "UT"
  revision = "5a6f75716e1203a923a78c9efb94089d857df0f6"
  version = "v0.4.0"

[[projects]]
  digest = "1:766102087520f9d54f2acc72bd6637045900ac735b4a419b128d216f0c5c4876"
  name = "github.com/googleapis/gax-go"
  packages = ["v2"]
  pruneopts = "UT"
  revision = "bd5b16380fd03dc758d11cef74ba2e3bc8b0e8c2"
  version = "v2.0.5"

[[projects]]
  digest = "1:c0d19ab64b32ce9fe5cf4ddceba78d5bc9807f0016db6b1183599da3dcc24d10"
  name = "github.com/hashicorp/hcl"
  packages = [
    ".",
    "hcl/ast",
    "hcl/parser",
    "hcl/printer",
    "hcl/scanner",
    "hcl/strconv",
    "hcl/token",
    "json/parser",
    "json/scanner",
    "json/token",
  ]
  pruneopts = "UT"
  revision = "8cb6e5b959231cc1119e43259c4a608f9c51a241"
  version = "v1.0.0"

[[projects]]
  digest = "1:076c531484852c227471112d49465873aaad47e5ad6e1aec3a5b092a436117ef"
  name = "github.com/jstemmer/go-junit-report"
  packages = [
    ".",
    "formatter",
    "parser",
  ]
  pruneopts = "UT"
  revision = "cc1f095d5cc5eca2844f5c5ea7bb37f6b9bf6cac"
  version = "v0.9.1"

[[projects]]
  digest = "1:44177a60fbefaeda29ff317901c901f1663f09fa6a14fffa43e2581eae66b1d2"
  name = "github.com/labstack/echo"
  packages = ["."]
  pruneopts = "UT"
  revision = "8d7f05e5336fa9a05c6ca5a610a0c5140c01bfc3"
  version = "v4.1.14"

[[projects]]
  digest = "1:9bc108827ac1d8783dea294f1ef07732fa4ca7d6e20518c04888a85828eba4ce"
  name = "github.com/labstack/gommon"
  packages = [
    "color",
    "log",
  ]
  pruneopts = "UT"
  revision = "4919956f6fb227b548f004da27c7c6b20fba499f"
  version = "v0.3.0"

[[projects]]
  digest = "1:9ff22c26414baf7deaf74f2a788fe7b97666048bcbe346c52cfe823442abbdfb"
  name = "github.com/lib/pq"
  packages = [
    ".",
    "oid",
    "scram",
  ]
  pruneopts = "UT"
  revision = "99274577be97ac9b1d95a2d61d566dc9b7cc6a54"
  version = "v1.3.0"

[[projects]]
  digest = "1:5a0ef768465592efca0412f7e838cdc0826712f8447e70e6ccc52eb441e9ab13"
  name = "github.com/magiconair/properties"
  packages = ["."]
  pruneopts = "UT"
  revision = "de8848e004dd33dc07a2947b3d76f618a7fc7ef1"
  version = "v1.8.1"

[[projects]]
  digest = "1:0109cf4321a15313ec895f42e723e1f76121c6975ea006abfa20012272ec0937"
  name = "github.com/mattn/go-colorable"
  packages = ["."]
  pruneopts = "UT"
  revision = "68e95eba382c972aafde02ead2cd2426a8a92480"
  version = "v0.1.6"

[[projects]]
  digest = "1:0c58d31abe2a2ccb429c559b6292e7df89dcda675456fecc282fa90aa08273eb"
  name = "github.com/mattn/go-isatty"
  packages = ["."]
  pruneopts = "UT"
  revision = "7b513a986450394f7bbf1476909911b3aa3a55ce"
  version = "v0.0.12"

[[projects]]
  digest = "1:53bc4cd4914cd7cd52139990d5170d6dc99067ae31c56530621b18b35fc30318"
  name = "github.com/mitchellh/mapstructure"
  packages = ["."]
  pruneopts = "UT"
  revision = "3536a929edddb9a5b34bd6861dc4a9647cb459fe"
  version = "v1.1.2"

[[projects]]
  digest = "1:6eea828983c70075ca297bb915ffbcfd3e34c5a50affd94428a65df955c0ff9c"
  name = "github.com/pelletier/go-toml"
  packages = ["."]
  pruneopts = "UT"
  revision = "903d9455db9ff1d7ac1ab199062eca7266dd11a3"
  version = "v1.6.0"

[[projects]]
  digest = "1:32db15a47b5be06a5d40e863ab0ebed107741845fd2d8676121f788284d26923"
  name = "github.com/robfig/cron"
  packages = ["."]
  pruneopts = "UT"
  revision = "ccba498c397bb90a9c84945bbb0f7af2d72b6309"
  version = "v3.0.1"

[[projects]]
  digest = "1:bb495ec276ab82d3dd08504bbc0594a65de8c3b22c6f2aaa92d05b73fbf3a82e"
  name = "github.com/spf13/afero"
  packages = [
    ".",
    "mem",
  ]
  pruneopts = "UT"
  revision = "588a75ec4f32903aa5e39a2619ba6a4631e28424"
  version = "v1.2.2"

[[projects]]
  digest = "1:ff4cd55a3666b6ea3a876c9e133bfb54d6c812e725409a773f2c94a0b3a92f4f"
  name = "github.com/spf13/cast"
  packages = ["."]
  pruneopts = "UT"
  revision = "1ffadf551085444af981432dd0f6d1160c11ec64"
  version = "v1.3.1"

[[projects]]
  digest = "1:1b753ec16506f5864d26a28b43703c58831255059644351bbcb019b843950900"
  name = "github.com/spf13/jwalterweatherman"
  packages = ["."]
  pruneopts = "UT"
  revision = "94f6ae3ed3bceceafa716478c5fbf8d29ca601a1"
  version = "v1.1.0"

[[projects]]
  digest = "1:524b71991fc7d9246cc7dc2d9e0886ccb97648091c63e30eef619e6862c955dd"
  name = "github.com/spf13/pflag"
  packages = ["."]
  pruneopts = "UT"
  revision = "2e9d26c8c37aae03e3f9d4e90b7116f5accb7cab"
  version = "v1.0.5"

[[projects]]
  digest = "1:83d0e0f3f46dc86daf27e4d7c834c8c492db787c53c09d94183de7478db92142"
  name = "github.com/spf13/viper"
  packages = ["."]
  pruneopts = "UT"
  revision = "4525543ce4fe90f7970f5e2cdc300b8ffc8c0582"
  version = "v1.6.2"

[[projects]]
  digest = "1:f4b32291cad5efac2bfdba89ccde6aa04618b62ce06c1a571da2dc4f3f2677fb"
  name = "github.com/subosito/gotenv"
  packages = ["."]
  pruneopts = "UT"
  revision = "2ef7124db659d49edac6aa459693a15ae36c671a"
  version = "v1.2.0"

[[projects]]
  digest = "1:c468422f334a6b46a19448ad59aaffdfc0a36b08fdcc1c749a0b29b6453d7e59"
  name = "github.com/valyala/bytebufferpool"
  packages = ["."]
  pruneopts = "UT"
  revision = "e746df99fe4a3986f4d4f79e13c1e0117ce9c2f7"
  version = "v1.0.0"

[[projects]]
  digest = "1:d2b6739022f7bc284b94fc553ddd2ff790de7b0fc0b37206e8bff80481a1d7aa"
  name = "github.com/valyala/fasttemplate"
  packages = ["."]
  pruneopts = "UT"
  revision = "8fcc7a99b5795b7c3e95172237cf93282fc339a9"
  version = "v1.1.0"

[[projects]]
  digest = "1:c3fb8261925d709f3e94a640668d559bfa11bc21ce27cd6143f2be433e48563c"
  name = "go.opencensus.io"
  packages = [
    ".",
    "internal",
    "internal/tagencoding",
    "metric/metricdata",
    "metric/metricproducer",
    "plugin/ocgrpc",
    "plugin/ochttp",
    "plugin/ochttp/propagation/b3",
    "resource",
    "stats",
    "stats/internal",
    "stats/view",
    "tag",
    "trace",
    "trace/internal",
    "trace/propagation",
    "trace/tracestate",
  ]
  pruneopts = "UT"
  revision = "d835ff86be02193d324330acdb7d65546b05f814"
  version = "v0.22.3"

[[projects]]
  branch = "master"
  digest = "1:4d94c66731f634ca39e521d6597f933584bfece877a5ad00a63c163bfad71bd3"
  name = "golang.org/x/crypto"
  packages = [
    "acme",
    "acme/autocert",
    "bcrypt",
    "blowfish",
    "chacha20",
    "curve25519",
    "ed25519",
    "ed25519/internal/edwards25519",
    "internal/subtle",
    "poly1305",
    "ssh",
    "ssh/agent",
    "ssh/internal/bcrypt_pbkdf",
  ]
  pruneopts = "UT"
  revision = "2aa609cf4a9d7d1126360de73b55b6002f9e052a"

[[projects]]
  branch = "master"
  digest = "1:3403849330a8ab0adfff079dc6c6ad7bd8961a4a6891d05b9797063b4024f623"
  name = "golang.org/x/lint"
  packages = [
    ".",
    "golint",
  ]
  pruneopts = "UT"
  revision = "738671d3881b9731cc63024d5d88cf28db875626"

[[projects]]
  digest = "1:467bb8fb8fa786448b8d486cd0bb7c1a5577dcd7310441aa02a20110cd9f727d"
  name = "golang.org/x/mod"
  packages = [
    "module",
    "semver",
  ]
  pruneopts = "UT"
  revision = "ed3ec21bb8e252814c380df79a80f366440ddb2d"
  version = "v0.2.0"

[[projects]]
  branch = "master"
  digest = "1:bdb79e93c04bf9406eb285f6d3d85b884f71e73d68950d036be78c1b0c039689"
  name = "golang.org/x/net"
  packages = [
    "context",
    "context/ctxhttp",
    "http/httpguts",
    "http2",
    "http2/hpack",
    "idna",
    "internal/timeseries",
    "trace",
  ]
  pruneopts = "UT"
  revision = "0de0cce0169b09b364e001f108dc0399ea8630b3"

[[projects]]
  branch = "master"
  digest = "1:79edde3241bb55de9f4143d5083bfcff722e550c3cb8db94084eab50d0e440b5"
  name = "golang.org/x/oauth2"
  packages = [
    ".",
    "google",
    "internal",
    "jws",
    "jwt",
  ]
  pruneopts = "UT"
  revision = "bf48bf16ab8d622ce64ec6ce98d2c98f916b6303"

[[projects]]
  branch = "master"
  digest = "1:998e758f343d739eb8c647de2a75457f9ba819fb5dc7044e8c0b57f3a9168e62"
  name = "golang.org/x/sys"
  packages = [
    "cpu",
    "unix",
  ]
  pruneopts = "UT"
  revision = "d5e6a3e2c0ae16fc7480523ebcb7fd4dd3215489"

[[projects]]
  digest = "1:8d8faad6b12a3a4c819a3f9618cb6ee1fa1cfc33253abeeea8b55336721e3405"
  name = "golang.org/x/text"
  packages = [
    "collate",
    "collate/build",
    "internal/colltab",
    "internal/gen",
    "internal/language",
    "internal/language/compact",
    "internal/tag",
    "internal/triegen",
    "internal/ucd",
    "language",
    "secure/bidirule",
    "transform",
    "unicode/bidi",
    "unicode/cldr",
    "unicode/norm",
    "unicode/rangetable",
  ]
  pruneopts = "UT"
  revision = "342b2e1fbaa52c93f31447ad2c6abc048c63e475"
  version = "v0.3.2"

[[projects]]
  branch = "master"
  digest = "1:ca3f42e0d7b2444fbf2ac6f099df9e9e59f6bc8483d05d7bcaaa671240de7846"
  name = "golang.org/x/tools"
  packages = [
    "cmd/goimports",
    "go/analysis",
    "go/analysis/passes/inspect",
    "go/ast/astutil",
    "go/ast/inspector",
    "go/buildutil",
    "go/gcexportdata",
    "go/internal/cgo",
    "go/internal/gcimporter",
    "go/internal/packagesdriver",
    "go/loader",
    "go/packages",
    "go/types/objectpath",
    "go/types/typeutil",
    "internal/analysisinternal",
    "internal/event",
    "internal/event/core",
    "internal/event/keys",
    "internal/event/label",
    "internal/fastwalk",
    "internal/gocommand",
    "internal/gopathwalk",
    "internal/imports",
    "internal/packagesinternal",
  ]
  pruneopts = "UT"
  revision = "26f46d2f7ef8d36fd8840d0a2d8e1a7ff1dad367"

[[projects]]
  branch = "master"
  digest = "1:918a46e4a2fb83df33f668f5a6bd51b2996775d073fce1800d3ec01b0a5ddd2b"
  name = "golang.org/x/xerrors"
  packages = [
    ".",
    "internal",
  ]
  pruneopts = "UT"
  revision = "9bdfabe68543c54f90421aeb9a60ef8061b5b544"

[[projects]]
  digest = "1:3ff2aa8164b4d3a6f0a6e3f6f51cd19e6d6d05ea25208d23cdb30f58d70685ec"
  name = "google.golang.org/api"
  packages = [
    "googleapi",
    "googleapi/transport",
    "internal",
    "internal/gensupport",
    "internal/third_party/uritemplates",
    "iterator",
    "option",
    "option/internaloption",
    "storage/v1",
    "transport",
    "transport/cert",
    "transport/grpc",
    "transport/http",
    "transport/http/internal/propagation",
  ]
  pruneopts = "UT"
  revision = "14f6709d501ea0b1be187c0b14437aa38bee7619"
  version = "v0.23.0"

[[projects]]
  digest = "1:9a3c550c85a5a62ccc4cadd8525497b99554094a1adecc560c97bebc231ca81b"
  name = "google.golang.org/appengine"
  packages = [
    ".",
    "internal",
    "internal/app_identity",
    "internal/base",
    "internal/datastore",
    "internal/log",
    "internal/modules",
    "internal/remote_api",
    "internal/socket",
    "internal/urlfetch",
    "socket",
    "urlfetch",
  ]
  pruneopts = "UT"
  revision = "553959209a20f3be281c16dd5be5c740a893978f"
  version = "v1.6.6"

[[projects]]
  branch = "master"
  digest = "1:b34836d88d3e5aae021351f907123175f121c8f8d39aa8b330f9fba894a776aa"
  name = "google.golang.org/genproto"
  packages = [
    "googleapis/api/annotations",
    "googleapis/firestore/v1",
    "googleapis/iam/v1",
    "googleapis/rpc/code",
    "googleapis/rpc/status",
    "googleapis/type/expr",
    "googleapis/type/latlng",
  ]
  pruneopts = "UT"
  revision = "b979b6f78d84775ef7a93ffc8034924947960f29"

[[projects]]
  digest = "1:c30882e4fa06d417158b3c38dcc24da386e1276122d4996a31e4b888e09e2a62"
  name = "google.golang.org/grpc"
  packages = [
    ".",
    "attributes",
    "backoff",
    "balancer",
    "balancer/base",
    "balancer/grpclb",
    "balancer/grpclb/grpc_lb_v1",
    "balancer/roundrobin",
    "binarylog/grpc_binarylog_v1",
    "codes",
    "connectivity",
    "credentials",
    "credentials/alts",
    "credentials/alts/internal",
    "credentials/alts/internal/authinfo",
    "credentials/alts/internal/conn",
    "credentials/alts/internal/handshaker",
    "credentials/alts/internal/handshaker/service",
    "credentials/alts/internal/proto/grpc_gcp",
    "credentials/google",
    "credentials/internal",
    "credentials/oauth",
    "encoding",
    "encoding/proto",
    "grpclog",
    "internal",
    "internal/backoff",
    "internal/balancerload",
    "internal/binarylog",
    "internal/buffer",
    "internal/channelz",
    "internal/envconfig",
    "internal/grpclog",
    "internal/grpcrand",
    "internal/grpcsync",
    "internal/grpcutil",
    "internal/resolver/dns",
    "internal/resolver/passthrough",
    "internal/status",
    "internal/syscall",
    "internal/transport",
    "keepalive",
    "metadata",
    "naming",
    "peer",
    "resolver",
    "serviceconfig",
    "stats",
    "status",
    "tap",
  ]
  pruneopts = "UT"
  revision = "754ee590a4f386d0910d887f3b8776354042260b"
  version = "v1.29.1"

[[projects]]
  digest = "1:f3fe72d42c39cb245def91021fa8b203efc59341179a457d97e5ddcf67117e6f"
  name = "google.golang.org/protobuf"
  packages = [
    "cmd/protoc-gen-go/internal_gengo",
    "compiler/protogen",
    "encoding/prototext",
    "encoding/protowire",
    "internal/descfmt",
    "internal/descopts",
    "internal/detrand",
    "internal/encoding/defval",
    "internal/encoding/messageset",
    "internal/encoding/tag",
    "internal/encoding/text",
    "internal/errors",
    "internal/fieldnum",
    "internal/fieldsort",
    "internal/filedesc",
    "internal/filetype",
    "internal/flags",
    "internal/genname",
    "internal/impl",
    "internal/mapsort",
    "internal/pragma",
    "internal/set",
    "internal/strs",
    "internal/version",
    "proto",
    "reflect/protodesc",
    "reflect/protoreflect",
    "reflect/protoregistry",
    "runtime/protoiface",
    "runtime/protoimpl",
    "types/descriptorpb",
    "types/known/anypb",
    "types/known/durationpb",
    "types/known/emptypb",
    "types/known/structpb",
    "types/known/timestamppb",
    "types/known/wrapperspb",
    "types/pluginpb",
  ]
  pruneopts = "UT"
  revision = "8b0d71ac935315b10385aaaf30175de0c74bbba6"
  version = "v1.22.0"

[[projects]]
  digest = "1:ef4bd1cd2563d93d3f48352fc24d499a4a2b54c11932814173653ece7db13800"
  name = "gopkg.in/ini.v1"
  packages = ["."]
  pruneopts = "UT"
  revision = "32cf4f7e9c77f151e18b53067b55549b4d1d411d"
  version = "v1.52.0"

[[projects]]
  digest = "1:55b110c99c5fdc4f14930747326acce56b52cfce60b24b1c03ef686ac0e46bb1"
  name = "gopkg.in/yaml.v2"
  packages = ["."]
  pruneopts = "UT"
  revision = "53403b58ad1b561927d19068c655246f2db79d48"
  version = "v2.2.8"

[[projects]]
  digest = "1:735ae15b76858155230553ed0845ba4cc1dbb7c2ca665ab33bfd2eb1509b219c"
  name = "honnef.co/go/tools"
  packages = [
    "arg",
    "cmd/staticcheck",
    "code",
    "config",
    "deprecated",
    "edit",
    "facts",
    "functions",
    "go/types/typeutil",
    "internal/cache",
    "internal/passes/buildir",
    "internal/renameio",
    "internal/robustio",
    "internal/sharedcheck",
    "ir",
    "ir/irutil",
    "lint",
    "lint/lintdsl",
    "lint/lintutil",
    "lint/lintutil/format",
    "loader",
    "pattern",
    "printf",
    "report",
    "simple",
    "staticcheck",
    "stylecheck",
    "unused",
    "version",
  ]
  pruneopts = "UT"
  revision = "508b5eb18ee2f667ce06235ed383647038e2afc5"
  version = "2020.1.3"

[solve-meta]
  analyzer-name = "dep"
  analyzer-version = 1
  input-imports = [
    "firebase.google.com/go",
    "firebase.google.com/go/messaging",
    "github.com/dgrijalva/jwt-go",
    "github.com/go-redis/redis",
    "github.com/go-sql-driver/mysql",
    "github.com/labstack/echo",
    "github.com/lib/pq",
    "github.com/robfig/cron",
    "github.com/spf13/viper",
    "golang.org/x/crypto/bcrypt",
    "golang.org/x/crypto/ssh",
    "golang.org/x/crypto/ssh/agent",
    "google.golang.org/api/option",
  ]
  solver-name = "gps-cdcl"
  solver-version = 1
